PODS:
  - CocoaAsyncSocket (7.6.3)
  - Starscream (3.1.0)

DEPENDENCIES:
  - CocoaAsyncSocket
  - Starscream

SPEC REPOS:
  https://github.com/cocoapods/specs.git:
    - CocoaAsyncSocket
    - Starscream

SPEC CHECKSUMS:
  CocoaAsyncSocket: eafaa68a7e0ec99ead0a7b35015e0bf25d2c8987
  Starscream: 08172b481e145289c4930cb567230fb55897cfa4

PODFILE CHECKSUM: d1b8b982fbe5e1966f59caa0a519fd59ac6ea05e

COCOAPODS: 1.5.2
